
Microsoft Visual Studio Solution File, Format Version 12.00
# Visual Studio Version 17
VisualStudioVersion = 17.9.34622.214
MinimumVisualStudioVersion = 10.0.40219.1
Project("{FAE04EC0-301F-11D3-BF4B-00C04F79EFBC}") = "ProyectoCalendarizacionDeVacaciones", "ProyectoCalendarizacionDeVacaciones.csproj", "{68A5A6C5-AE25-4AA5-AF00-D70087068094}"
EndProject
Global
	GlobalSection(SolutionConfigurationPlatforms) = preSolution
		Debug|Any CPU = Debug|Any CPU
		Release|Any CPU = Release|Any CPU
	EndGlobalSection
	GlobalSection(ProjectConfigurationPlatforms) = postSolution
		{68A5A6C5-AE25-4AA5-AF00-D70087068094}.Debug|Any CPU.ActiveCfg = Debug|Any CPU
		{68A5A6C5-AE25-4AA5-AF00-D70087068094}.Debug|Any CPU.Build.0 = Debug|Any CPU
		{68A5A6C5-AE25-4AA5-AF00-D70087068094}.Release|Any CPU.ActiveCfg = Release|Any CPU
		{68A5A6C5-AE25-4AA5-AF00-D70087068094}.Release|Any CPU.Build.0 = Release|Any CPU
	EndGlobalSection
	GlobalSection(SolutionProperties) = preSolution
		HideSolutionNode = FALSE
	EndGlobalSection
	GlobalSection(ExtensibilityGlobals) = postSolution
		SolutionGuid = {CFB07801-1047-4D90-9A4A-EB067BB79E85}
	EndGlobalSection
EndGlobal
